<Solution>
  <Folder Name="/src/">
    <Project Path="src/Api/FamilyVeda.Api.csproj" />
    <Project Path="src/Application/FamilyVeda.Application.csproj" />
    <Project Path="src/Domain/FamilyVeda.Domain.csproj" />
    <Project Path="src/Infrastructure/FamilyVeda.Infrastructure.csproj" />
  </Folder>
  <Folder Name="/tests/">
    <Project Path="tests/IntegrationTests/FamilyVeda.IntegrationTests.csproj" />
    <Project Path="tests/UnitTests/FamilyVeda.UnitTests.csproj" />
  </Folder>
</Solution>
